{
  "lockfile_version": "1",
  "packages": {
    "fluxcd@2.3.0": {
      "last_modified": "2024-09-10T15:01:03Z",
      "resolved": "github:NixOS/nixpkgs/5ed627539ac84809c78b2dd6d26a5cebeb5ae269#fluxcd",
      "source": "devbox-search",
      "version": "2.3.0",
      "systems": {
        "aarch64-darwin": {
          "outputs": [
            {
              "name": "out",
              "path": "/nix/store/kc2ssazr6w9iwjw6mi6jr3bbi771z72k-fluxcd-2.3.0",
              "default": true
            }
          ],
          "store_path": "/nix/store/kc2ssazr6w9iwjw6mi6jr3bbi771z72k-fluxcd-2.3.0"
        },
        "aarch64-linux": {
          "outputs": [
            {
              "name": "out",
              "path": "/nix/store/dc4h6c8qndm3mg3w2a27s82h13y6kl68-fluxcd-2.3.0",
              "default": true
            }
          ],
          "store_path": "/nix/store/dc4h6c8qndm3mg3w2a27s82h13y6kl68-fluxcd-2.3.0"
        },
        "x86_64-darwin": {
          "outputs": [
            {
              "name": "out",
              "path": "/nix/store/9mr442b123pvqhgrfrkdlaz74s39fiy9-fluxcd-2.3.0",
              "default": true
            }
          ],
          "store_path": "/nix/store/9mr442b123pvqhgrfrkdlaz74s39fiy9-fluxcd-2.3.0"
        },
        "x86_64-linux": {
          "outputs": [
            {
              "name": "out",
              "path": "/nix/store/jc6rnjn1ppps1qmadsfjzs9r0w1smcvj-fluxcd-2.3.0",
              "default": true
            }
          ],
          "store_path": "/nix/store/jc6rnjn1ppps1qmadsfjzs9r0w1smcvj-fluxcd-2.3.0"
        }
      }
    },
    "istioctl@1.23.1": {
      "last_modified": "2024-09-27T09:34:34Z",
      "resolved": "github:NixOS/nixpkgs/e0f477a570df7375172a08ddb9199c90853c63f0#istioctl",
      "source": "devbox-search",
      "version": "1.23.1",
      "systems": {
        "aarch64-darwin": {
          "outputs": [
            {
              "name": "out",
              "path": "/nix/store/9vvvlxvwqzfxf8cmkmafbwwnl1d6vgvd-istioctl-1.23.1",
              "default": true
            }
          ],
          "store_path": "/nix/store/9vvvlxvwqzfxf8cmkmafbwwnl1d6vgvd-istioctl-1.23.1"
        },
        "aarch64-linux": {
          "outputs": [
            {
              "name": "out",
              "path": "/nix/store/69c9d7a9rnjhmd06k93bjgk8sp1lfpy1-istioctl-1.23.1",
              "default": true
            }
          ],
          "store_path": "/nix/store/69c9d7a9rnjhmd06k93bjgk8sp1lfpy1-istioctl-1.23.1"
        },
        "x86_64-darwin": {
          "outputs": [
            {
              "name": "out",
              "path": "/nix/store/a3ingihbca9q0hb59jwvmnvps7gdd7wg-istioctl-1.23.1",
              "default": true
            }
          ],
          "store_path": "/nix/store/a3ingihbca9q0hb59jwvmnvps7gdd7wg-istioctl-1.23.1"
        },
        "x86_64-linux": {
          "outputs": [
            {
              "name": "out",
              "path": "/nix/store/nk13fqx5vbz4jh83c1ifn8058drcabj5-istioctl-1.23.1",
              "default": true
            }
          ],
          "store_path": "/nix/store/nk13fqx5vbz4jh83c1ifn8058drcabj5-istioctl-1.23.1"
        }
      }
    },
    "k3d@5.7.4": {
      "last_modified": "2024-09-25T12:08:18Z",
      "resolved": "github:NixOS/nixpkgs/4f31540079322e6013930b5b2563fd10f96917f0#k3d",
      "source": "devbox-search",
      "version": "5.7.4",
      "systems": {
        "aarch64-darwin": {
          "outputs": [
            {
              "name": "out",
              "path": "/nix/store/2kr047dj3c89laik1h0b04yiv2jp8kyv-k3d-5.7.4",
              "default": true
            }
          ],
          "store_path": "/nix/store/2kr047dj3c89laik1h0b04yiv2jp8kyv-k3d-5.7.4"
        },
        "aarch64-linux": {
          "outputs": [
            {
              "name": "out",
              "path": "/nix/store/qky7y1fhnizz7pj6s2sn4gq7mz6ry3rx-k3d-5.7.4",
              "default": true
            }
          ],
          "store_path": "/nix/store/qky7y1fhnizz7pj6s2sn4gq7mz6ry3rx-k3d-5.7.4"
        },
        "x86_64-darwin": {
          "outputs": [
            {
              "name": "out",
              "path": "/nix/store/c8h9g29xvvx875xn5yvskd0x7yvxhpm0-k3d-5.7.4",
              "default": true
            }
          ],
          "store_path": "/nix/store/c8h9g29xvvx875xn5yvskd0x7yvxhpm0-k3d-5.7.4"
        },
        "x86_64-linux": {
          "outputs": [
            {
              "name": "out",
              "path": "/nix/store/8yvg14ggd8jvwgazg8n5gjq7nnyrw9lg-k3d-5.7.4",
              "default": true
            }
          ],
          "store_path": "/nix/store/8yvg14ggd8jvwgazg8n5gjq7nnyrw9lg-k3d-5.7.4"
        }
      }
    },
    "kubectl@1.31.0": {
      "last_modified": "2024-09-20T05:11:28Z",
      "resolved": "github:NixOS/nixpkgs/79454ee9aacc9714653a4e7eb2a52b717728caff#kubectl",
      "source": "devbox-search",
      "version": "1.31.0",
      "systems": {
        "aarch64-darwin": {
          "outputs": [
            {
              "name": "out",
              "path": "/nix/store/a3sbf306xajs0af6pcz34pw4pi9mkmj5-kubectl-1.31.0",
              "default": true
            },
            {
              "name": "man",
              "path": "/nix/store/ap867akfi9x10mzsbna51rxfh5wx5av2-kubectl-1.31.0-man",
              "default": true
            },
            {
              "name": "convert",
              "path": "/nix/store/n3g8pl6v8qf08d6z6pjllrb89ysr1zsc-kubectl-1.31.0-convert"
            }
          ],
          "store_path": "/nix/store/a3sbf306xajs0af6pcz34pw4pi9mkmj5-kubectl-1.31.0"
        },
        "aarch64-linux": {
          "outputs": [
            {
              "name": "out",
              "path": "/nix/store/qg9r3qqnjjxqmaq9qqbyh9x12k1vvqhv-kubectl-1.31.0",
              "default": true
            },
            {
              "name": "man",
              "path": "/nix/store/j132aazwv8nylcr4ciddmyhfwy48al5w-kubectl-1.31.0-man",
              "default": true
            },
            {
              "name": "convert",
              "path": "/nix/store/rc505l8rn9sd9g75hkxv1vq8zhr37j4x-kubectl-1.31.0-convert"
            }
          ],
          "store_path": "/nix/store/qg9r3qqnjjxqmaq9qqbyh9x12k1vvqhv-kubectl-1.31.0"
        },
        "x86_64-darwin": {
          "outputs": [
            {
              "name": "out",
              "path": "/nix/store/c5q71r4zbx9jjrdg1bky82q3ak87dsmn-kubectl-1.31.0",
              "default": true
            },
            {
              "name": "man",
              "path": "/nix/store/fqnpf91mg1w1z7glgx42wxgw8k2j4ym0-kubectl-1.31.0-man",
              "default": true
            },
            {
              "name": "convert",
              "path": "/nix/store/arnjlmd1zxdnp76qgk343ybqkjs3d4fb-kubectl-1.31.0-convert"
            }
          ],
          "store_path": "/nix/store/c5q71r4zbx9jjrdg1bky82q3ak87dsmn-kubectl-1.31.0"
        },
        "x86_64-linux": {
          "outputs": [
            {
              "name": "out",
              "path": "/nix/store/2xi1vzmqlbsqg9k3n1m204n56als7lyn-kubectl-1.31.0",
              "default": true
            },
            {
              "name": "man",
              "path": "/nix/store/75y8hkbk46qksfhqbkv5ass7xx3x1xsh-kubectl-1.31.0-man",
              "default": true
            },
            {
              "name": "convert",
              "path": "/nix/store/h9v1hlig44y827ms1cszwld3agdbh47k-kubectl-1.31.0-convert"
            }
          ],
          "store_path": "/nix/store/2xi1vzmqlbsqg9k3n1m204n56als7lyn-kubectl-1.31.0"
        }
      }
    },
    "kubernetes-helm@3.16.1": {
      "last_modified": "2024-09-17T14:38:52Z",
      "resolved": "github:NixOS/nixpkgs/658e7223191d2598641d50ee4e898126768fe847#kubernetes-helm",
      "source": "devbox-search",
      "version": "3.16.1",
      "systems": {
        "aarch64-darwin": {
          "outputs": [
            {
              "name": "out",
              "path": "/nix/store/g9b797qqdsp7ymdx7dhwy5nfkhf90r4m-kubernetes-helm-3.16.1",
              "default": true
            }
          ],
          "store_path": "/nix/store/g9b797qqdsp7ymdx7dhwy5nfkhf90r4m-kubernetes-helm-3.16.1"
        },
        "aarch64-linux": {
          "outputs": [
            {
              "name": "out",
              "path": "/nix/store/s1smmyjs9988adbszdg2nd58qradswbc-kubernetes-helm-3.16.1",
              "default": true
            }
          ],
          "store_path": "/nix/store/s1smmyjs9988adbszdg2nd58qradswbc-kubernetes-helm-3.16.1"
        },
        "x86_64-darwin": {
          "outputs": [
            {
              "name": "out",
              "path": "/nix/store/3wfzg682rdi2md92jlql5i4h2pzxbq7a-kubernetes-helm-3.16.1",
              "default": true
            }
          ],
          "store_path": "/nix/store/3wfzg682rdi2md92jlql5i4h2pzxbq7a-kubernetes-helm-3.16.1"
        },
        "x86_64-linux": {
          "outputs": [
            {
              "name": "out",
              "path": "/nix/store/gl7z7bx0csk5flgidxjhjswf13y7vd7w-kubernetes-helm-3.16.1",
              "default": true
            }
          ],
          "store_path": "/nix/store/gl7z7bx0csk5flgidxjhjswf13y7vd7w-kubernetes-helm-3.16.1"
        }
      }
    },
    "postgresql@16.4": {
      "last_modified": "2024-10-06T02:39:15Z",
      "plugin_version": "0.0.2",
      "resolved": "github:NixOS/nixpkgs/7d49afd36b5590f023ec56809c02e05d8164fbc4#postgresql",
      "source": "devbox-search",
      "version": "16.4",
      "systems": {
        "aarch64-darwin": {
          "outputs": [
            {
              "name": "out",
              "path": "/nix/store/fln3gcl40fwynfjr5fkpyqjhll4jqyhm-postgresql-16.4",
              "default": true
            },
            {
              "name": "man",
              "path": "/nix/store/npkdasdws60qy0j0kznqwnbizcjx5m0q-postgresql-16.4-man",
              "default": true
            },
            {
              "name": "dev",
              "path": "/nix/store/63r8cs0kjscq50r93k97aijddx2mjwm9-postgresql-16.4-dev"
            },
            {
              "name": "doc",
              "path": "/nix/store/akn2wpw56q2cwwpa3kdd4isklaqk375s-postgresql-16.4-doc"
            },
            {
              "name": "lib",
              "path": "/nix/store/5i4svw3nbn239hhzrl857bkbqb5h1aq1-postgresql-16.4-lib"
            }
          ],
          "store_path": "/nix/store/fln3gcl40fwynfjr5fkpyqjhll4jqyhm-postgresql-16.4"
        },
        "aarch64-linux": {
          "outputs": [
            {
              "name": "out",
              "path": "/nix/store/7bm8jppsyml2lkzzbw5kg6ahmvwlnxsb-postgresql-16.4",
              "default": true
            },
            {
              "name": "man",
              "path": "/nix/store/4i96xjnrsxgcpizmr6v7gmc25zminnl2-postgresql-16.4-man",
              "default": true
            },
            {
              "name": "debug",
              "path": "/nix/store/w6hs71a695sf2n00km946bb1v36xc2qg-postgresql-16.4-debug"
            },
            {
              "name": "dev",
              "path": "/nix/store/ycbf1qw3x8wc3a7z6mjwkzmyhc43s2wn-postgresql-16.4-dev"
            },
            {
              "name": "doc",
              "path": "/nix/store/bh5km6cln45kf1pfwahdslpc9cydrm4v-postgresql-16.4-doc"
            },
            {
              "name": "lib",
              "path": "/nix/store/3crpddg2akfnpg19plbbfyxny13ygdaf-postgresql-16.4-lib"
            }
          ],
          "store_path": "/nix/store/7bm8jppsyml2lkzzbw5kg6ahmvwlnxsb-postgresql-16.4"
        },
        "x86_64-darwin": {
          "outputs": [
            {
              "name": "out",
              "path": "/nix/store/ywikp0nf87afr4qs2dvjxiknwzyf6n5b-postgresql-16.4",
              "default": true
            },
            {
              "name": "man",
              "path": "/nix/store/n66gp6v6zd5fxwh2j72jjx5d427fpibp-postgresql-16.4-man",
              "default": true
            },
            {
              "name": "doc",
              "path": "/nix/store/ayarhx2gw8y5j648r4jfsl8l54s5nb8i-postgresql-16.4-doc"
            },
            {
              "name": "lib",
              "path": "/nix/store/k5n25gjgfbxwyjhzf2il0b93q18gdsr7-postgresql-16.4-lib"
            },
            {
              "name": "dev",
              "path": "/nix/store/sb23d37zmmymsn268d9lcpgd0j939117-postgresql-16.4-dev"
            }
          ],
          "store_path": "/nix/store/ywikp0nf87afr4qs2dvjxiknwzyf6n5b-postgresql-16.4"
        },
        "x86_64-linux": {
          "outputs": [
            {
              "name": "out",
              "path": "/nix/store/1gax5xs6h1b70gk7z274kx4qh04hsn96-postgresql-16.4",
              "default": true
            },
            {
              "name": "man",
              "path": "/nix/store/43pzfj4xv6r022jmnmx2n648ycqy8rhx-postgresql-16.4-man",
              "default": true
            },
            {
              "name": "debug",
              "path": "/nix/store/isrqqmd5ckwwsgk708q981h3h7ijixkv-postgresql-16.4-debug"
            },
            {
              "name": "dev",
              "path": "/nix/store/45if5nl708nhayxnaqh7h2scz9pn4mn8-postgresql-16.4-dev"
            },
            {
              "name": "doc",
              "path": "/nix/store/plf9diy9a5l5fmfl8pvlgmpxkc3ixhb3-postgresql-16.4-doc"
            },
            {
              "name": "lib",
              "path": "/nix/store/l54jqbzqhghvy3g9kqhmcha9z3vzzrxr-postgresql-16.4-lib"
            }
          ],
          "store_path": "/nix/store/1gax5xs6h1b70gk7z274kx4qh04hsn96-postgresql-16.4"
        }
      }
    },
    "vault-bin@1.17.5": {
      "last_modified": "2024-09-15T10:42:20Z",
      "resolved": "github:NixOS/nixpkgs/76d7694a3f681b0b750c01783df5d2177ef39fe7#vault-bin",
      "source": "devbox-search",
      "version": "1.17.5",
      "systems": {
        "aarch64-darwin": {
          "outputs": [
            {
              "name": "out",
              "path": "/nix/store/dx8hk3zhvh48bykyl0iqqjmwbj7aahyg-vault-bin-1.17.5",
              "default": true
            }
          ],
          "store_path": "/nix/store/dx8hk3zhvh48bykyl0iqqjmwbj7aahyg-vault-bin-1.17.5"
        },
        "aarch64-linux": {
          "outputs": [
            {
              "name": "out",
              "path": "/nix/store/6sm6a0099fg1ga5484g0xqg7v19fq4wb-vault-bin-1.17.5",
              "default": true
            }
          ],
          "store_path": "/nix/store/6sm6a0099fg1ga5484g0xqg7v19fq4wb-vault-bin-1.17.5"
        },
        "x86_64-darwin": {
          "outputs": [
            {
              "name": "out",
              "path": "/nix/store/5rxcxagn1102ckmxv00gsga7c1h7wsmz-vault-bin-1.17.5",
              "default": true
            }
          ],
          "store_path": "/nix/store/5rxcxagn1102ckmxv00gsga7c1h7wsmz-vault-bin-1.17.5"
        },
        "x86_64-linux": {
          "outputs": [
            {
              "name": "out",
              "path": "/nix/store/1l5vb2igbyjndivcc4xs010jy0znnl50-vault-bin-1.17.5",
              "default": true
            }
          ],
          "store_path": "/nix/store/1l5vb2igbyjndivcc4xs010jy0znnl50-vault-bin-1.17.5"
        }
      }
    }
  }
}
