{
  "lockfile_version": "1",
  "packages": {
    "fluxcd@2.3.0": {
      "last_modified": "2024-09-10T15:01:03Z",
      "resolved": "github:NixOS/nixpkgs/5ed627539ac84809c78b2dd6d26a5cebeb5ae269#fluxcd",
      "source": "devbox-search",
      "version": "2.3.0",
      "systems": {
        "aarch64-darwin": {
          "outputs": [
            {
              "name": "out",
              "path": "/nix/store/kc2ssazr6w9iwjw6mi6jr3bbi771z72k-fluxcd-2.3.0",
              "default": true
            }
          ],
          "store_path": "/nix/store/kc2ssazr6w9iwjw6mi6jr3bbi771z72k-fluxcd-2.3.0"
        },
        "aarch64-linux": {
          "outputs": [
            {
              "name": "out",
              "path": "/nix/store/dc4h6c8qndm3mg3w2a27s82h13y6kl68-fluxcd-2.3.0",
              "default": true
            }
          ],
          "store_path": "/nix/store/dc4h6c8qndm3mg3w2a27s82h13y6kl68-fluxcd-2.3.0"
        },
        "x86_64-darwin": {
          "outputs": [
            {
              "name": "out",
              "path": "/nix/store/9mr442b123pvqhgrfrkdlaz74s39fiy9-fluxcd-2.3.0",
              "default": true
            }
          ],
          "store_path": "/nix/store/9mr442b123pvqhgrfrkdlaz74s39fiy9-fluxcd-2.3.0"
        },
        "x86_64-linux": {
          "outputs": [
            {
              "name": "out",
              "path": "/nix/store/jc6rnjn1ppps1qmadsfjzs9r0w1smcvj-fluxcd-2.3.0",
              "default": true
            }
          ],
          "store_path": "/nix/store/jc6rnjn1ppps1qmadsfjzs9r0w1smcvj-fluxcd-2.3.0"
        }
      }
    },
    "istioctl@1.23.1": {
      "last_modified": "2024-10-13T23:44:06Z",
      "resolved": "github:NixOS/nixpkgs/d4f247e89f6e10120f911e2e2d2254a050d0f732#istioctl",
      "source": "devbox-search",
      "version": "1.23.1",
      "systems": {
        "aarch64-darwin": {
          "outputs": [
            {
              "name": "out",
              "path": "/nix/store/i59mrv3kscbdykgxl8x5bjak5a2c9dnv-istioctl-1.23.1",
              "default": true
            }
          ],
          "store_path": "/nix/store/i59mrv3kscbdykgxl8x5bjak5a2c9dnv-istioctl-1.23.1"
        },
        "aarch64-linux": {
          "outputs": [
            {
              "name": "out",
              "path": "/nix/store/hyqifiqrhccn7v049bwing5khk1g4qyq-istioctl-1.23.1",
              "default": true
            }
          ],
          "store_path": "/nix/store/hyqifiqrhccn7v049bwing5khk1g4qyq-istioctl-1.23.1"
        },
        "x86_64-darwin": {
          "outputs": [
            {
              "name": "out",
              "path": "/nix/store/by5gdk0zwn5c0ly94q9243v2qlv36wqz-istioctl-1.23.1",
              "default": true
            }
          ],
          "store_path": "/nix/store/by5gdk0zwn5c0ly94q9243v2qlv36wqz-istioctl-1.23.1"
        },
        "x86_64-linux": {
          "outputs": [
            {
              "name": "out",
              "path": "/nix/store/qrz6ajafxfnkga3nyka5vbw40y4jdxmv-istioctl-1.23.1",
              "default": true
            }
          ],
          "store_path": "/nix/store/qrz6ajafxfnkga3nyka5vbw40y4jdxmv-istioctl-1.23.1"
        }
      }
    },
    "jq@latest": {
      "last_modified": "2024-10-17T04:50:07Z",
      "resolved": "github:NixOS/nixpkgs/1bde3e8e37a72989d4d455adde764d45f45dc11c#jq",
      "source": "devbox-search",
      "version": "1.7.1",
      "systems": {
        "aarch64-darwin": {
          "outputs": [
            {
              "name": "bin",
              "path": "/nix/store/kkfa84h1sd7496mydwhnnqf0kdbgc0fa-jq-1.7.1-bin",
              "default": true
            },
            {
              "name": "man",
              "path": "/nix/store/x66c6grvwcaidz90mzgxiyg6r0qssybq-jq-1.7.1-man",
              "default": true
            },
            {
              "name": "dev",
              "path": "/nix/store/q280g2yxhw4zin5cfm77gvq72b5p9kmi-jq-1.7.1-dev"
            },
            {
              "name": "doc",
              "path": "/nix/store/668jid954q2jk52wabckqmhj0jpwn819-jq-1.7.1-doc"
            },
            {
              "name": "lib",
              "path": "/nix/store/jlrm2b88xr9i5rcib7k8zs2wpr99iwwq-jq-1.7.1-lib"
            },
            {
              "name": "out",
              "path": "/nix/store/vmnfldwzmfx34xaqa1fbsv9zcdwfc22y-jq-1.7.1"
            }
          ],
          "store_path": "/nix/store/kkfa84h1sd7496mydwhnnqf0kdbgc0fa-jq-1.7.1-bin"
        },
        "aarch64-linux": {
          "outputs": [
            {
              "name": "bin",
              "path": "/nix/store/ahpilzy1f17m9c7kbjvv7576zzbyy6qi-jq-1.7.1-bin",
              "default": true
            },
            {
              "name": "man",
              "path": "/nix/store/q4p9qaif44i4saks3vinfz2rmb0v9y7l-jq-1.7.1-man",
              "default": true
            },
            {
              "name": "dev",
              "path": "/nix/store/brrdfqm4lvgyb273wj1nnp5497q52gh1-jq-1.7.1-dev"
            },
            {
              "name": "doc",
              "path": "/nix/store/cmq38fl372l8lwxafqzl6cz4m3syvksw-jq-1.7.1-doc"
            },
            {
              "name": "lib",
              "path": "/nix/store/8xhqcza8rphrzmam4s8iwcpcxw0wplz9-jq-1.7.1-lib"
            },
            {
              "name": "out",
              "path": "/nix/store/ykwd69vhal2nlqrz9fjp2llcc86qqn03-jq-1.7.1"
            }
          ],
          "store_path": "/nix/store/ahpilzy1f17m9c7kbjvv7576zzbyy6qi-jq-1.7.1-bin"
        },
        "x86_64-darwin": {
          "outputs": [
            {
              "name": "bin",
              "path": "/nix/store/4x2l3ik7jcxp50fjydhwc79rk2gywpvy-jq-1.7.1-bin",
              "default": true
            },
            {
              "name": "man",
              "path": "/nix/store/apn118f0m6sj8lacqia105n16zsd1kwc-jq-1.7.1-man",
              "default": true
            },
            {
              "name": "dev",
              "path": "/nix/store/1sx3gvxj99s43akr3cab0c8fqpxg38a9-jq-1.7.1-dev"
            },
            {
              "name": "doc",
              "path": "/nix/store/a9z5vgyap84a7w75zcn8khc6r8x8fjfp-jq-1.7.1-doc"
            },
            {
              "name": "lib",
              "path": "/nix/store/5vrryfk2lyr6a1kfp5blag5nw2344gzf-jq-1.7.1-lib"
            },
            {
              "name": "out",
              "path": "/nix/store/q84a2fwgbzx706g9h8jwwq0i2h97bm0y-jq-1.7.1"
            }
          ],
          "store_path": "/nix/store/4x2l3ik7jcxp50fjydhwc79rk2gywpvy-jq-1.7.1-bin"
        },
        "x86_64-linux": {
          "outputs": [
            {
              "name": "bin",
              "path": "/nix/store/v0azfsqv58llx12jal5ngx3mj0rj7km6-jq-1.7.1-bin",
              "default": true
            },
            {
              "name": "man",
              "path": "/nix/store/wf6x2kh1m16nhbipglxiaazsa27ni58f-jq-1.7.1-man",
              "default": true
            },
            {
              "name": "out",
              "path": "/nix/store/wxxab7hxdagljsbcz2ma44mml0nv1jx0-jq-1.7.1"
            },
            {
              "name": "dev",
              "path": "/nix/store/3bg50gaw9hy1igq3sv4gndnvfmhwjgff-jq-1.7.1-dev"
            },
            {
              "name": "doc",
              "path": "/nix/store/sw45lawqiv53pc7pwv07bc7d8yhmya5a-jq-1.7.1-doc"
            },
            {
              "name": "lib",
              "path": "/nix/store/23jnqnvphk91kylc3gqcpdfy0m0ldz2j-jq-1.7.1-lib"
            }
          ],
          "store_path": "/nix/store/v0azfsqv58llx12jal5ngx3mj0rj7km6-jq-1.7.1-bin"
        }
      }
    },
    "k3d@5.7.4": {
      "last_modified": "2024-10-13T23:44:06Z",
      "resolved": "github:NixOS/nixpkgs/d4f247e89f6e10120f911e2e2d2254a050d0f732#k3d",
      "source": "devbox-search",
      "version": "5.7.4",
      "systems": {
        "aarch64-darwin": {
          "outputs": [
            {
              "name": "out",
              "path": "/nix/store/wiwfrnd422zyjgm34vay7w131ah69z0l-k3d-5.7.4",
              "default": true
            }
          ],
          "store_path": "/nix/store/wiwfrnd422zyjgm34vay7w131ah69z0l-k3d-5.7.4"
        },
        "aarch64-linux": {
          "outputs": [
            {
              "name": "out",
              "path": "/nix/store/hqz7yh0mkyrz816i17m416v7bi47v8jn-k3d-5.7.4",
              "default": true
            }
          ],
          "store_path": "/nix/store/hqz7yh0mkyrz816i17m416v7bi47v8jn-k3d-5.7.4"
        },
        "x86_64-darwin": {
          "outputs": [
            {
              "name": "out",
              "path": "/nix/store/f8qm3qak9dsq51s81m1r59w68l0aya8a-k3d-5.7.4",
              "default": true
            }
          ],
          "store_path": "/nix/store/f8qm3qak9dsq51s81m1r59w68l0aya8a-k3d-5.7.4"
        },
        "x86_64-linux": {
          "outputs": [
            {
              "name": "out",
              "path": "/nix/store/nh8bairj4ys44jf4jk3113vjq2lxhxn4-k3d-5.7.4",
              "default": true
            }
          ],
          "store_path": "/nix/store/nh8bairj4ys44jf4jk3113vjq2lxhxn4-k3d-5.7.4"
        }
      }
    },
    "kubectl@1.31.0": {
      "last_modified": "2024-10-13T23:44:06Z",
      "resolved": "github:NixOS/nixpkgs/d4f247e89f6e10120f911e2e2d2254a050d0f732#kubectl",
      "source": "devbox-search",
      "version": "1.31.0",
      "systems": {
        "aarch64-darwin": {
          "outputs": [
            {
              "name": "out",
              "path": "/nix/store/fai4gv26l2w6bpmwj16jxjxh35ix68ml-kubectl-1.31.0",
              "default": true
            },
            {
              "name": "man",
              "path": "/nix/store/mgn5j6li2mwqk91m5hfxsj46jqf9rh58-kubectl-1.31.0-man",
              "default": true
            },
            {
              "name": "convert",
              "path": "/nix/store/aaanrn2izxrazlc6z03sshaxdszhsb25-kubectl-1.31.0-convert"
            }
          ],
          "store_path": "/nix/store/fai4gv26l2w6bpmwj16jxjxh35ix68ml-kubectl-1.31.0"
        },
        "aarch64-linux": {
          "outputs": [
            {
              "name": "out",
              "path": "/nix/store/k7z6lpwr361g47w226brssr9az06m8wg-kubectl-1.31.0",
              "default": true
            },
            {
              "name": "man",
              "path": "/nix/store/ppi4zzafd8d7g2wa4gi0m11k2ja83q9z-kubectl-1.31.0-man",
              "default": true
            },
            {
              "name": "convert",
              "path": "/nix/store/vyg57m3vdg4f0rl9n81q1aasp5i33wla-kubectl-1.31.0-convert"
            }
          ],
          "store_path": "/nix/store/k7z6lpwr361g47w226brssr9az06m8wg-kubectl-1.31.0"
        },
        "x86_64-darwin": {
          "outputs": [
            {
              "name": "out",
              "path": "/nix/store/a6l653b5wzmif5vsjmb7g0p1z3z9lp39-kubectl-1.31.0",
              "default": true
            },
            {
              "name": "man",
              "path": "/nix/store/d1384hfgzrjhnq6r4wn73jpshvkvmr4c-kubectl-1.31.0-man",
              "default": true
            },
            {
              "name": "convert",
              "path": "/nix/store/gc0si099vdrlahjc33py74wmm3wqiymh-kubectl-1.31.0-convert"
            }
          ],
          "store_path": "/nix/store/a6l653b5wzmif5vsjmb7g0p1z3z9lp39-kubectl-1.31.0"
        },
        "x86_64-linux": {
          "outputs": [
            {
              "name": "out",
              "path": "/nix/store/jd22gixhisdwcrwhk0gmz50mhk267fv8-kubectl-1.31.0",
              "default": true
            },
            {
              "name": "man",
              "path": "/nix/store/25g9j89wa8cb67mgi0yhbp0d23jfcjnl-kubectl-1.31.0-man",
              "default": true
            },
            {
              "name": "convert",
              "path": "/nix/store/gl4m0mjkj8i7bmxqmfk63svffxsknz3k-kubectl-1.31.0-convert"
            }
          ],
          "store_path": "/nix/store/jd22gixhisdwcrwhk0gmz50mhk267fv8-kubectl-1.31.0"
        }
      }
    },
    "kubernetes-helm@3.16.1": {
      "last_modified": "2024-10-13T23:44:06Z",
      "resolved": "github:NixOS/nixpkgs/d4f247e89f6e10120f911e2e2d2254a050d0f732#kubernetes-helm",
      "source": "devbox-search",
      "version": "3.16.1",
      "systems": {
        "aarch64-darwin": {
          "outputs": [
            {
              "name": "out",
              "path": "/nix/store/x7j9yjkkf0zypc2n8p34di7gkcg5hwaj-kubernetes-helm-3.16.1",
              "default": true
            }
          ],
          "store_path": "/nix/store/x7j9yjkkf0zypc2n8p34di7gkcg5hwaj-kubernetes-helm-3.16.1"
        },
        "aarch64-linux": {
          "outputs": [
            {
              "name": "out",
              "path": "/nix/store/8r4d2af17bwxr1fh20zrd54qv7ry0nvz-kubernetes-helm-3.16.1",
              "default": true
            }
          ],
          "store_path": "/nix/store/8r4d2af17bwxr1fh20zrd54qv7ry0nvz-kubernetes-helm-3.16.1"
        },
        "x86_64-darwin": {
          "outputs": [
            {
              "name": "out",
              "path": "/nix/store/xnxl3i30wi2r4bw1aiak5rlqd090srm8-kubernetes-helm-3.16.1",
              "default": true
            }
          ],
          "store_path": "/nix/store/xnxl3i30wi2r4bw1aiak5rlqd090srm8-kubernetes-helm-3.16.1"
        },
        "x86_64-linux": {
          "outputs": [
            {
              "name": "out",
              "path": "/nix/store/mzfp9xffn1s1j4iqnjx2imxrcv0r3b2y-kubernetes-helm-3.16.1",
              "default": true
            }
          ],
          "store_path": "/nix/store/mzfp9xffn1s1j4iqnjx2imxrcv0r3b2y-kubernetes-helm-3.16.1"
        }
      }
    },
    "oha@1.4.6": {
      "last_modified": "2024-10-13T23:44:06Z",
      "resolved": "github:NixOS/nixpkgs/d4f247e89f6e10120f911e2e2d2254a050d0f732#oha",
      "source": "devbox-search",
      "version": "1.4.6",
      "systems": {
        "aarch64-darwin": {
          "outputs": [
            {
              "name": "out",
              "path": "/nix/store/s8680h3ni7risnv8i8fixq6lndm2nyvi-oha-1.4.6",
              "default": true
            }
          ],
          "store_path": "/nix/store/s8680h3ni7risnv8i8fixq6lndm2nyvi-oha-1.4.6"
        },
        "aarch64-linux": {
          "outputs": [
            {
              "name": "out",
              "path": "/nix/store/kyzkk9mzg0nzdw7s837xgjkxj6b68228-oha-1.4.6",
              "default": true
            }
          ],
          "store_path": "/nix/store/kyzkk9mzg0nzdw7s837xgjkxj6b68228-oha-1.4.6"
        },
        "x86_64-darwin": {
          "outputs": [
            {
              "name": "out",
              "path": "/nix/store/fcswqmyp1lg4vrh5s72ay2w46xyp7606-oha-1.4.6",
              "default": true
            }
          ],
          "store_path": "/nix/store/fcswqmyp1lg4vrh5s72ay2w46xyp7606-oha-1.4.6"
        },
        "x86_64-linux": {
          "outputs": [
            {
              "name": "out",
              "path": "/nix/store/9dkri9bly4bis5z5l4avkhfy9vg7pfas-oha-1.4.6",
              "default": true
            }
          ],
          "store_path": "/nix/store/9dkri9bly4bis5z5l4avkhfy9vg7pfas-oha-1.4.6"
        }
      }
    },
    "postgresql@16.4": {
      "last_modified": "2024-10-06T02:39:15Z",
      "plugin_version": "0.0.2",
      "resolved": "github:NixOS/nixpkgs/7d49afd36b5590f023ec56809c02e05d8164fbc4#postgresql",
      "source": "devbox-search",
      "version": "16.4",
      "systems": {
        "aarch64-darwin": {
          "outputs": [
            {
              "name": "out",
              "path": "/nix/store/fln3gcl40fwynfjr5fkpyqjhll4jqyhm-postgresql-16.4",
              "default": true
            },
            {
              "name": "man",
              "path": "/nix/store/npkdasdws60qy0j0kznqwnbizcjx5m0q-postgresql-16.4-man",
              "default": true
            },
            {
              "name": "dev",
              "path": "/nix/store/63r8cs0kjscq50r93k97aijddx2mjwm9-postgresql-16.4-dev"
            },
            {
              "name": "doc",
              "path": "/nix/store/akn2wpw56q2cwwpa3kdd4isklaqk375s-postgresql-16.4-doc"
            },
            {
              "name": "lib",
              "path": "/nix/store/5i4svw3nbn239hhzrl857bkbqb5h1aq1-postgresql-16.4-lib"
            }
          ],
          "store_path": "/nix/store/fln3gcl40fwynfjr5fkpyqjhll4jqyhm-postgresql-16.4"
        },
        "aarch64-linux": {
          "outputs": [
            {
              "name": "out",
              "path": "/nix/store/7bm8jppsyml2lkzzbw5kg6ahmvwlnxsb-postgresql-16.4",
              "default": true
            },
            {
              "name": "man",
              "path": "/nix/store/4i96xjnrsxgcpizmr6v7gmc25zminnl2-postgresql-16.4-man",
              "default": true
            },
            {
              "name": "debug",
              "path": "/nix/store/w6hs71a695sf2n00km946bb1v36xc2qg-postgresql-16.4-debug"
            },
            {
              "name": "dev",
              "path": "/nix/store/ycbf1qw3x8wc3a7z6mjwkzmyhc43s2wn-postgresql-16.4-dev"
            },
            {
              "name": "doc",
              "path": "/nix/store/bh5km6cln45kf1pfwahdslpc9cydrm4v-postgresql-16.4-doc"
            },
            {
              "name": "lib",
              "path": "/nix/store/3crpddg2akfnpg19plbbfyxny13ygdaf-postgresql-16.4-lib"
            }
          ],
          "store_path": "/nix/store/7bm8jppsyml2lkzzbw5kg6ahmvwlnxsb-postgresql-16.4"
        },
        "x86_64-darwin": {
          "outputs": [
            {
              "name": "out",
              "path": "/nix/store/ywikp0nf87afr4qs2dvjxiknwzyf6n5b-postgresql-16.4",
              "default": true
            },
            {
              "name": "man",
              "path": "/nix/store/n66gp6v6zd5fxwh2j72jjx5d427fpibp-postgresql-16.4-man",
              "default": true
            },
            {
              "name": "doc",
              "path": "/nix/store/ayarhx2gw8y5j648r4jfsl8l54s5nb8i-postgresql-16.4-doc"
            },
            {
              "name": "lib",
              "path": "/nix/store/k5n25gjgfbxwyjhzf2il0b93q18gdsr7-postgresql-16.4-lib"
            },
            {
              "name": "dev",
              "path": "/nix/store/sb23d37zmmymsn268d9lcpgd0j939117-postgresql-16.4-dev"
            }
          ],
          "store_path": "/nix/store/ywikp0nf87afr4qs2dvjxiknwzyf6n5b-postgresql-16.4"
        },
        "x86_64-linux": {
          "outputs": [
            {
              "name": "out",
              "path": "/nix/store/1gax5xs6h1b70gk7z274kx4qh04hsn96-postgresql-16.4",
              "default": true
            },
            {
              "name": "man",
              "path": "/nix/store/43pzfj4xv6r022jmnmx2n648ycqy8rhx-postgresql-16.4-man",
              "default": true
            },
            {
              "name": "debug",
              "path": "/nix/store/isrqqmd5ckwwsgk708q981h3h7ijixkv-postgresql-16.4-debug"
            },
            {
              "name": "dev",
              "path": "/nix/store/45if5nl708nhayxnaqh7h2scz9pn4mn8-postgresql-16.4-dev"
            },
            {
              "name": "doc",
              "path": "/nix/store/plf9diy9a5l5fmfl8pvlgmpxkc3ixhb3-postgresql-16.4-doc"
            },
            {
              "name": "lib",
              "path": "/nix/store/l54jqbzqhghvy3g9kqhmcha9z3vzzrxr-postgresql-16.4-lib"
            }
          ],
          "store_path": "/nix/store/1gax5xs6h1b70gk7z274kx4qh04hsn96-postgresql-16.4"
        }
      }
    },
    "terraform@1.6.2": {
      "last_modified": "2023-10-25T20:49:13Z",
      "resolved": "github:NixOS/nixpkgs/75a52265bda7fd25e06e3a67dee3f0354e73243c#terraform",
      "source": "devbox-search",
      "version": "1.6.2",
      "systems": {
        "aarch64-darwin": {
          "outputs": [
            {
              "name": "out",
              "path": "/nix/store/x79zck74awsjgkydwzc2dfwzl6xc62h3-terraform-1.6.2",
              "default": true
            }
          ],
          "store_path": "/nix/store/x79zck74awsjgkydwzc2dfwzl6xc62h3-terraform-1.6.2"
        },
        "aarch64-linux": {
          "outputs": [
            {
              "name": "out",
              "path": "/nix/store/mki8ax8vasjldjkmfvawih8f6ajh697z-terraform-1.6.2",
              "default": true
            }
          ],
          "store_path": "/nix/store/mki8ax8vasjldjkmfvawih8f6ajh697z-terraform-1.6.2"
        },
        "x86_64-darwin": {
          "outputs": [
            {
              "name": "out",
              "path": "/nix/store/c218fnllp1wa5aa0s9lxqvjpq7j02vw9-terraform-1.6.2",
              "default": true
            }
          ],
          "store_path": "/nix/store/c218fnllp1wa5aa0s9lxqvjpq7j02vw9-terraform-1.6.2"
        },
        "x86_64-linux": {
          "outputs": [
            {
              "name": "out",
              "path": "/nix/store/86dqfm4mbv7aslvpm7n263vl81hvw62b-terraform-1.6.2",
              "default": true
            }
          ],
          "store_path": "/nix/store/86dqfm4mbv7aslvpm7n263vl81hvw62b-terraform-1.6.2"
        }
      }
    },
    "vault-bin@1.17.5": {
      "last_modified": "2024-09-15T10:42:20Z",
      "resolved": "github:NixOS/nixpkgs/76d7694a3f681b0b750c01783df5d2177ef39fe7#vault-bin",
      "source": "devbox-search",
      "version": "1.17.5",
      "systems": {
        "aarch64-darwin": {
          "outputs": [
            {
              "name": "out",
              "path": "/nix/store/dx8hk3zhvh48bykyl0iqqjmwbj7aahyg-vault-bin-1.17.5",
              "default": true
            }
          ],
          "store_path": "/nix/store/dx8hk3zhvh48bykyl0iqqjmwbj7aahyg-vault-bin-1.17.5"
        },
        "aarch64-linux": {
          "outputs": [
            {
              "name": "out",
              "path": "/nix/store/6sm6a0099fg1ga5484g0xqg7v19fq4wb-vault-bin-1.17.5",
              "default": true
            }
          ],
          "store_path": "/nix/store/6sm6a0099fg1ga5484g0xqg7v19fq4wb-vault-bin-1.17.5"
        },
        "x86_64-darwin": {
          "outputs": [
            {
              "name": "out",
              "path": "/nix/store/5rxcxagn1102ckmxv00gsga7c1h7wsmz-vault-bin-1.17.5",
              "default": true
            }
          ],
          "store_path": "/nix/store/5rxcxagn1102ckmxv00gsga7c1h7wsmz-vault-bin-1.17.5"
        },
        "x86_64-linux": {
          "outputs": [
            {
              "name": "out",
              "path": "/nix/store/1l5vb2igbyjndivcc4xs010jy0znnl50-vault-bin-1.17.5",
              "default": true
            }
          ],
          "store_path": "/nix/store/1l5vb2igbyjndivcc4xs010jy0znnl50-vault-bin-1.17.5"
        }
      }
    }
  }
}
